
Microsoft Visual Studio Solution File, Format Version 12.00
# Visual Studio 15
VisualStudioVersion = 15.0.28010.2016
MinimumVisualStudioVersion = 10.0.40219.1
Project("{FAE04EC0-301F-11D3-BF4B-00C04F79EFBC}") = "Trees_DotNetFull", "Trees\Trees_DotNetFull\Trees_DotNetFull.csproj", "{101CECE4-D334-45D6-BD93-7D1E34F0E05F}"
EndProject
Project("{FAE04EC0-301F-11D3-BF4B-00C04F79EFBC}") = "Trees_Core_DotNetFull", "Trees\Trees_Core_DotNetFull\Trees_Core_DotNetFull.csproj", "{8D9145E8-6B79-42E1-8754-D075106D4B62}"
EndProject
Project("{FAE04EC0-301F-11D3-BF4B-00C04F79EFBC}") = "Trees_WPF", "Trees\Desktop Applications\Trees_WPF\Trees_WPF.csproj", "{80CCE47A-7CC0-439A-AFE4-859451EE0902}"
EndProject
Project("{9A19103F-16F7-4668-BE54-9A1E7A4F7556}") = "Trees_Avalonia_Desktop", "Trees\Desktop Applications\Trees_Avalonia_Desktop\Trees_Avalonia_Desktop.csproj", "{87FEC464-C4F4-4D98-9C9B-A731E2A38C7C}"
EndProject
Project("{2150E333-8FDC-42A3-9474-1A3956D46DE8}") = "Trees", "Trees", "{83DD6784-0279-4F15-9333-8E323C9FDF3B}"
EndProject
Project("{2150E333-8FDC-42A3-9474-1A3956D46DE8}") = "Desktop Applications", "Desktop Applications", "{752D2A29-364B-4CF0-9981-97DEC30F992F}"
EndProject
Project("{2150E333-8FDC-42A3-9474-1A3956D46DE8}") = "HorsePlay", "HorsePlay", "{1561BBB8-167B-4F93-ACA7-DB7B44530EF9}"
EndProject
Project("{FAE04EC0-301F-11D3-BF4B-00C04F79EFBC}") = "EvilFizzBizz", "HorsePlay\EvilFizzBizz\EvilFizzBizz.csproj", "{EA7F49AF-9864-4A3D-A73B-2AD7B0E11E8C}"
EndProject
Project("{FAE04EC0-301F-11D3-BF4B-00C04F79EFBC}") = "LinqTests", "HorsePlay\LinqTests\LinqTests.csproj", "{079AC5B0-45A0-45C4-9C98-D9C741C0F1EB}"
EndProject
Project("{FAE04EC0-301F-11D3-BF4B-00C04F79EFBC}") = "MiscTest", "HorsePlay\MiscTest\MiscTest.csproj", "{43D65C19-FF82-4412-B193-8146AC3360B9}"
EndProject
Project("{9A19103F-16F7-4668-BE54-9A1E7A4F7556}") = "FibonacciSpaghetti", "FibonacciSpaghetti\FibonacciSpaghetti.csproj", "{B12E9D00-C26F-4F6A-B000-61AF92E4121C}"
EndProject
Project("{2150E333-8FDC-42A3-9474-1A3956D46DE8}") = "MonkeyPlay", "MonkeyPlay", "{B1049763-7019-47C9-B74E-82379499BD31}"
EndProject
Project("{FAE04EC0-301F-11D3-BF4B-00C04F79EFBC}") = "MonkeyApp_UWP", "MonkeyPlay\MonkeyApp_UWP\MonkeyApp_UWP.csproj", "{81341B72-594B-46AC-8C0A-3D9CB5D94451}"
EndProject
Project("{2150E333-8FDC-42A3-9474-1A3956D46DE8}") = "TypeConverter", "TypeConverter", "{6D07495F-8045-466F-A04B-26663EE0F5F0}"
EndProject
Project("{9A19103F-16F7-4668-BE54-9A1E7A4F7556}") = "SillyTypeConverter", "TypeConverter\SillyTypeConverter\SillyTypeConverter.csproj", "{94649F88-BD0D-4DC1-A9A3-0E1BF23962D4}"
EndProject
Project("{FAE04EC0-301F-11D3-BF4B-00C04F79EFBC}") = "NUnit.SillyTypeConverter", "TypeConverter\NUnit.SillyTypeConverter\NUnit.SillyTypeConverter.csproj", "{8EDF4429-251A-416D-BB68-93F227191BCF}"
EndProject
Global
	GlobalSection(SolutionConfigurationPlatforms) = preSolution
		Debug|Any CPU = Debug|Any CPU
		Debug|ARM = Debug|ARM
		Debug|x64 = Debug|x64
		Debug|x86 = Debug|x86
		Release|Any CPU = Release|Any CPU
		Release|ARM = Release|ARM
		Release|x64 = Release|x64
		Release|x86 = Release|x86
	EndGlobalSection
	GlobalSection(ProjectConfigurationPlatforms) = postSolution
		{101CECE4-D334-45D6-BD93-7D1E34F0E05F}.Debug|Any CPU.ActiveCfg = Debug|Any CPU
		{101CECE4-D334-45D6-BD93-7D1E34F0E05F}.Debug|Any CPU.Build.0 = Debug|Any CPU
		{101CECE4-D334-45D6-BD93-7D1E34F0E05F}.Debug|ARM.ActiveCfg = Debug|Any CPU
		{101CECE4-D334-45D6-BD93-7D1E34F0E05F}.Debug|ARM.Build.0 = Debug|Any CPU
		{101CECE4-D334-45D6-BD93-7D1E34F0E05F}.Debug|x64.ActiveCfg = Debug|Any CPU
		{101CECE4-D334-45D6-BD93-7D1E34F0E05F}.Debug|x64.Build.0 = Debug|Any CPU
		{101CECE4-D334-45D6-BD93-7D1E34F0E05F}.Debug|x86.ActiveCfg = Debug|Any CPU
		{101CECE4-D334-45D6-BD93-7D1E34F0E05F}.Debug|x86.Build.0 = Debug|Any CPU
		{101CECE4-D334-45D6-BD93-7D1E34F0E05F}.Release|Any CPU.ActiveCfg = Release|Any CPU
		{101CECE4-D334-45D6-BD93-7D1E34F0E05F}.Release|Any CPU.Build.0 = Release|Any CPU
		{101CECE4-D334-45D6-BD93-7D1E34F0E05F}.Release|ARM.ActiveCfg = Release|Any CPU
		{101CECE4-D334-45D6-BD93-7D1E34F0E05F}.Release|ARM.Build.0 = Release|Any CPU
		{101CECE4-D334-45D6-BD93-7D1E34F0E05F}.Release|x64.ActiveCfg = Release|Any CPU
		{101CECE4-D334-45D6-BD93-7D1E34F0E05F}.Release|x64.Build.0 = Release|Any CPU
		{101CECE4-D334-45D6-BD93-7D1E34F0E05F}.Release|x86.ActiveCfg = Release|Any CPU
		{101CECE4-D334-45D6-BD93-7D1E34F0E05F}.Release|x86.Build.0 = Release|Any CPU
		{8D9145E8-6B79-42E1-8754-D075106D4B62}.Debug|Any CPU.ActiveCfg = Debug|Any CPU
		{8D9145E8-6B79-42E1-8754-D075106D4B62}.Debug|Any CPU.Build.0 = Debug|Any CPU
		{8D9145E8-6B79-42E1-8754-D075106D4B62}.Debug|ARM.ActiveCfg = Debug|Any CPU
		{8D9145E8-6B79-42E1-8754-D075106D4B62}.Debug|ARM.Build.0 = Debug|Any CPU
		{8D9145E8-6B79-42E1-8754-D075106D4B62}.Debug|x64.ActiveCfg = Debug|Any CPU
		{8D9145E8-6B79-42E1-8754-D075106D4B62}.Debug|x64.Build.0 = Debug|Any CPU
		{8D9145E8-6B79-42E1-8754-D075106D4B62}.Debug|x86.ActiveCfg = Debug|Any CPU
		{8D9145E8-6B79-42E1-8754-D075106D4B62}.Debug|x86.Build.0 = Debug|Any CPU
		{8D9145E8-6B79-42E1-8754-D075106D4B62}.Release|Any CPU.ActiveCfg = Release|Any CPU
		{8D9145E8-6B79-42E1-8754-D075106D4B62}.Release|Any CPU.Build.0 = Release|Any CPU
		{8D9145E8-6B79-42E1-8754-D075106D4B62}.Release|ARM.ActiveCfg = Release|Any CPU
		{8D9145E8-6B79-42E1-8754-D075106D4B62}.Release|ARM.Build.0 = Release|Any CPU
		{8D9145E8-6B79-42E1-8754-D075106D4B62}.Release|x64.ActiveCfg = Release|Any CPU
		{8D9145E8-6B79-42E1-8754-D075106D4B62}.Release|x64.Build.0 = Release|Any CPU
		{8D9145E8-6B79-42E1-8754-D075106D4B62}.Release|x86.ActiveCfg = Release|Any CPU
		{8D9145E8-6B79-42E1-8754-D075106D4B62}.Release|x86.Build.0 = Release|Any CPU
		{80CCE47A-7CC0-439A-AFE4-859451EE0902}.Debug|Any CPU.ActiveCfg = Debug|Any CPU
		{80CCE47A-7CC0-439A-AFE4-859451EE0902}.Debug|Any CPU.Build.0 = Debug|Any CPU
		{80CCE47A-7CC0-439A-AFE4-859451EE0902}.Debug|ARM.ActiveCfg = Debug|Any CPU
		{80CCE47A-7CC0-439A-AFE4-859451EE0902}.Debug|ARM.Build.0 = Debug|Any CPU
		{80CCE47A-7CC0-439A-AFE4-859451EE0902}.Debug|x64.ActiveCfg = Debug|Any CPU
		{80CCE47A-7CC0-439A-AFE4-859451EE0902}.Debug|x64.Build.0 = Debug|Any CPU
		{80CCE47A-7CC0-439A-AFE4-859451EE0902}.Debug|x86.ActiveCfg = Debug|Any CPU
		{80CCE47A-7CC0-439A-AFE4-859451EE0902}.Debug|x86.Build.0 = Debug|Any CPU
		{80CCE47A-7CC0-439A-AFE4-859451EE0902}.Release|Any CPU.ActiveCfg = Release|Any CPU
		{80CCE47A-7CC0-439A-AFE4-859451EE0902}.Release|Any CPU.Build.0 = Release|Any CPU
		{80CCE47A-7CC0-439A-AFE4-859451EE0902}.Release|ARM.ActiveCfg = Release|Any CPU
		{80CCE47A-7CC0-439A-AFE4-859451EE0902}.Release|ARM.Build.0 = Release|Any CPU
		{80CCE47A-7CC0-439A-AFE4-859451EE0902}.Release|x64.ActiveCfg = Release|Any CPU
		{80CCE47A-7CC0-439A-AFE4-859451EE0902}.Release|x64.Build.0 = Release|Any CPU
		{80CCE47A-7CC0-439A-AFE4-859451EE0902}.Release|x86.ActiveCfg = Release|Any CPU
		{80CCE47A-7CC0-439A-AFE4-859451EE0902}.Release|x86.Build.0 = Release|Any CPU
		{87FEC464-C4F4-4D98-9C9B-A731E2A38C7C}.Debug|Any CPU.ActiveCfg = Debug|Any CPU
		{87FEC464-C4F4-4D98-9C9B-A731E2A38C7C}.Debug|Any CPU.Build.0 = Debug|Any CPU
		{87FEC464-C4F4-4D98-9C9B-A731E2A38C7C}.Debug|ARM.ActiveCfg = Debug|Any CPU
		{87FEC464-C4F4-4D98-9C9B-A731E2A38C7C}.Debug|ARM.Build.0 = Debug|Any CPU
		{87FEC464-C4F4-4D98-9C9B-A731E2A38C7C}.Debug|x64.ActiveCfg = Debug|Any CPU
		{87FEC464-C4F4-4D98-9C9B-A731E2A38C7C}.Debug|x64.Build.0 = Debug|Any CPU
		{87FEC464-C4F4-4D98-9C9B-A731E2A38C7C}.Debug|x86.ActiveCfg = Debug|Any CPU
		{87FEC464-C4F4-4D98-9C9B-A731E2A38C7C}.Debug|x86.Build.0 = Debug|Any CPU
		{87FEC464-C4F4-4D98-9C9B-A731E2A38C7C}.Release|Any CPU.ActiveCfg = Release|Any CPU
		{87FEC464-C4F4-4D98-9C9B-A731E2A38C7C}.Release|Any CPU.Build.0 = Release|Any CPU
		{87FEC464-C4F4-4D98-9C9B-A731E2A38C7C}.Release|ARM.ActiveCfg = Release|Any CPU
		{87FEC464-C4F4-4D98-9C9B-A731E2A38C7C}.Release|ARM.Build.0 = Release|Any CPU
		{87FEC464-C4F4-4D98-9C9B-A731E2A38C7C}.Release|x64.ActiveCfg = Release|Any CPU
		{87FEC464-C4F4-4D98-9C9B-A731E2A38C7C}.Release|x64.Build.0 = Release|Any CPU
		{87FEC464-C4F4-4D98-9C9B-A731E2A38C7C}.Release|x86.ActiveCfg = Release|Any CPU
		{87FEC464-C4F4-4D98-9C9B-A731E2A38C7C}.Release|x86.Build.0 = Release|Any CPU
		{EA7F49AF-9864-4A3D-A73B-2AD7B0E11E8C}.Debug|Any CPU.ActiveCfg = Debug|Any CPU
		{EA7F49AF-9864-4A3D-A73B-2AD7B0E11E8C}.Debug|Any CPU.Build.0 = Debug|Any CPU
		{EA7F49AF-9864-4A3D-A73B-2AD7B0E11E8C}.Debug|ARM.ActiveCfg = Debug|Any CPU
		{EA7F49AF-9864-4A3D-A73B-2AD7B0E11E8C}.Debug|ARM.Build.0 = Debug|Any CPU
		{EA7F49AF-9864-4A3D-A73B-2AD7B0E11E8C}.Debug|x64.ActiveCfg = Debug|Any CPU
		{EA7F49AF-9864-4A3D-A73B-2AD7B0E11E8C}.Debug|x64.Build.0 = Debug|Any CPU
		{EA7F49AF-9864-4A3D-A73B-2AD7B0E11E8C}.Debug|x86.ActiveCfg = Debug|Any CPU
		{EA7F49AF-9864-4A3D-A73B-2AD7B0E11E8C}.Debug|x86.Build.0 = Debug|Any CPU
		{EA7F49AF-9864-4A3D-A73B-2AD7B0E11E8C}.Release|Any CPU.ActiveCfg = Release|Any CPU
		{EA7F49AF-9864-4A3D-A73B-2AD7B0E11E8C}.Release|Any CPU.Build.0 = Release|Any CPU
		{EA7F49AF-9864-4A3D-A73B-2AD7B0E11E8C}.Release|ARM.ActiveCfg = Release|Any CPU
		{EA7F49AF-9864-4A3D-A73B-2AD7B0E11E8C}.Release|ARM.Build.0 = Release|Any CPU
		{EA7F49AF-9864-4A3D-A73B-2AD7B0E11E8C}.Release|x64.ActiveCfg = Release|Any CPU
		{EA7F49AF-9864-4A3D-A73B-2AD7B0E11E8C}.Release|x64.Build.0 = Release|Any CPU
		{EA7F49AF-9864-4A3D-A73B-2AD7B0E11E8C}.Release|x86.ActiveCfg = Release|Any CPU
		{EA7F49AF-9864-4A3D-A73B-2AD7B0E11E8C}.Release|x86.Build.0 = Release|Any CPU
		{079AC5B0-45A0-45C4-9C98-D9C741C0F1EB}.Debug|Any CPU.ActiveCfg = Debug|Any CPU
		{079AC5B0-45A0-45C4-9C98-D9C741C0F1EB}.Debug|Any CPU.Build.0 = Debug|Any CPU
		{079AC5B0-45A0-45C4-9C98-D9C741C0F1EB}.Debug|ARM.ActiveCfg = Debug|Any CPU
		{079AC5B0-45A0-45C4-9C98-D9C741C0F1EB}.Debug|ARM.Build.0 = Debug|Any CPU
		{079AC5B0-45A0-45C4-9C98-D9C741C0F1EB}.Debug|x64.ActiveCfg = Debug|Any CPU
		{079AC5B0-45A0-45C4-9C98-D9C741C0F1EB}.Debug|x64.Build.0 = Debug|Any CPU
		{079AC5B0-45A0-45C4-9C98-D9C741C0F1EB}.Debug|x86.ActiveCfg = Debug|Any CPU
		{079AC5B0-45A0-45C4-9C98-D9C741C0F1EB}.Debug|x86.Build.0 = Debug|Any CPU
		{079AC5B0-45A0-45C4-9C98-D9C741C0F1EB}.Release|Any CPU.ActiveCfg = Release|Any CPU
		{079AC5B0-45A0-45C4-9C98-D9C741C0F1EB}.Release|Any CPU.Build.0 = Release|Any CPU
		{079AC5B0-45A0-45C4-9C98-D9C741C0F1EB}.Release|ARM.ActiveCfg = Release|Any CPU
		{079AC5B0-45A0-45C4-9C98-D9C741C0F1EB}.Release|ARM.Build.0 = Release|Any CPU
		{079AC5B0-45A0-45C4-9C98-D9C741C0F1EB}.Release|x64.ActiveCfg = Release|Any CPU
		{079AC5B0-45A0-45C4-9C98-D9C741C0F1EB}.Release|x64.Build.0 = Release|Any CPU
		{079AC5B0-45A0-45C4-9C98-D9C741C0F1EB}.Release|x86.ActiveCfg = Release|Any CPU
		{079AC5B0-45A0-45C4-9C98-D9C741C0F1EB}.Release|x86.Build.0 = Release|Any CPU
		{43D65C19-FF82-4412-B193-8146AC3360B9}.Debug|Any CPU.ActiveCfg = Debug|Any CPU
		{43D65C19-FF82-4412-B193-8146AC3360B9}.Debug|Any CPU.Build.0 = Debug|Any CPU
		{43D65C19-FF82-4412-B193-8146AC3360B9}.Debug|ARM.ActiveCfg = Debug|Any CPU
		{43D65C19-FF82-4412-B193-8146AC3360B9}.Debug|ARM.Build.0 = Debug|Any CPU
		{43D65C19-FF82-4412-B193-8146AC3360B9}.Debug|x64.ActiveCfg = Debug|Any CPU
		{43D65C19-FF82-4412-B193-8146AC3360B9}.Debug|x64.Build.0 = Debug|Any CPU
		{43D65C19-FF82-4412-B193-8146AC3360B9}.Debug|x86.ActiveCfg = Debug|Any CPU
		{43D65C19-FF82-4412-B193-8146AC3360B9}.Debug|x86.Build.0 = Debug|Any CPU
		{43D65C19-FF82-4412-B193-8146AC3360B9}.Release|Any CPU.ActiveCfg = Release|Any CPU
		{43D65C19-FF82-4412-B193-8146AC3360B9}.Release|Any CPU.Build.0 = Release|Any CPU
		{43D65C19-FF82-4412-B193-8146AC3360B9}.Release|ARM.ActiveCfg = Release|Any CPU
		{43D65C19-FF82-4412-B193-8146AC3360B9}.Release|ARM.Build.0 = Release|Any CPU
		{43D65C19-FF82-4412-B193-8146AC3360B9}.Release|x64.ActiveCfg = Release|Any CPU
		{43D65C19-FF82-4412-B193-8146AC3360B9}.Release|x64.Build.0 = Release|Any CPU
		{43D65C19-FF82-4412-B193-8146AC3360B9}.Release|x86.ActiveCfg = Release|Any CPU
		{43D65C19-FF82-4412-B193-8146AC3360B9}.Release|x86.Build.0 = Release|Any CPU
		{B12E9D00-C26F-4F6A-B000-61AF92E4121C}.Debug|Any CPU.ActiveCfg = Debug|Any CPU
		{B12E9D00-C26F-4F6A-B000-61AF92E4121C}.Debug|Any CPU.Build.0 = Debug|Any CPU
		{B12E9D00-C26F-4F6A-B000-61AF92E4121C}.Debug|ARM.ActiveCfg = Debug|Any CPU
		{B12E9D00-C26F-4F6A-B000-61AF92E4121C}.Debug|ARM.Build.0 = Debug|Any CPU
		{B12E9D00-C26F-4F6A-B000-61AF92E4121C}.Debug|x64.ActiveCfg = Debug|Any CPU
		{B12E9D00-C26F-4F6A-B000-61AF92E4121C}.Debug|x64.Build.0 = Debug|Any CPU
		{B12E9D00-C26F-4F6A-B000-61AF92E4121C}.Debug|x86.ActiveCfg = Debug|Any CPU
		{B12E9D00-C26F-4F6A-B000-61AF92E4121C}.Debug|x86.Build.0 = Debug|Any CPU
		{B12E9D00-C26F-4F6A-B000-61AF92E4121C}.Release|Any CPU.ActiveCfg = Release|Any CPU
		{B12E9D00-C26F-4F6A-B000-61AF92E4121C}.Release|Any CPU.Build.0 = Release|Any CPU
		{B12E9D00-C26F-4F6A-B000-61AF92E4121C}.Release|ARM.ActiveCfg = Release|Any CPU
		{B12E9D00-C26F-4F6A-B000-61AF92E4121C}.Release|ARM.Build.0 = Release|Any CPU
		{B12E9D00-C26F-4F6A-B000-61AF92E4121C}.Release|x64.ActiveCfg = Release|Any CPU
		{B12E9D00-C26F-4F6A-B000-61AF92E4121C}.Release|x64.Build.0 = Release|Any CPU
		{B12E9D00-C26F-4F6A-B000-61AF92E4121C}.Release|x86.ActiveCfg = Release|Any CPU
		{B12E9D00-C26F-4F6A-B000-61AF92E4121C}.Release|x86.Build.0 = Release|Any CPU
		{81341B72-594B-46AC-8C0A-3D9CB5D94451}.Debug|Any CPU.ActiveCfg = Debug|x86
		{81341B72-594B-46AC-8C0A-3D9CB5D94451}.Debug|ARM.ActiveCfg = Debug|ARM
		{81341B72-594B-46AC-8C0A-3D9CB5D94451}.Debug|ARM.Build.0 = Debug|ARM
		{81341B72-594B-46AC-8C0A-3D9CB5D94451}.Debug|ARM.Deploy.0 = Debug|ARM
		{81341B72-594B-46AC-8C0A-3D9CB5D94451}.Debug|x64.ActiveCfg = Debug|x64
		{81341B72-594B-46AC-8C0A-3D9CB5D94451}.Debug|x64.Build.0 = Debug|x64
		{81341B72-594B-46AC-8C0A-3D9CB5D94451}.Debug|x64.Deploy.0 = Debug|x64
		{81341B72-594B-46AC-8C0A-3D9CB5D94451}.Debug|x86.ActiveCfg = Debug|x86
		{81341B72-594B-46AC-8C0A-3D9CB5D94451}.Debug|x86.Build.0 = Debug|x86
		{81341B72-594B-46AC-8C0A-3D9CB5D94451}.Debug|x86.Deploy.0 = Debug|x86
		{81341B72-594B-46AC-8C0A-3D9CB5D94451}.Release|Any CPU.ActiveCfg = Release|x86
		{81341B72-594B-46AC-8C0A-3D9CB5D94451}.Release|ARM.ActiveCfg = Release|ARM
		{81341B72-594B-46AC-8C0A-3D9CB5D94451}.Release|ARM.Build.0 = Release|ARM
		{81341B72-594B-46AC-8C0A-3D9CB5D94451}.Release|ARM.Deploy.0 = Release|ARM
		{81341B72-594B-46AC-8C0A-3D9CB5D94451}.Release|x64.ActiveCfg = Release|x64
		{81341B72-594B-46AC-8C0A-3D9CB5D94451}.Release|x64.Build.0 = Release|x64
		{81341B72-594B-46AC-8C0A-3D9CB5D94451}.Release|x64.Deploy.0 = Release|x64
		{81341B72-594B-46AC-8C0A-3D9CB5D94451}.Release|x86.ActiveCfg = Release|x86
		{81341B72-594B-46AC-8C0A-3D9CB5D94451}.Release|x86.Build.0 = Release|x86
		{81341B72-594B-46AC-8C0A-3D9CB5D94451}.Release|x86.Deploy.0 = Release|x86
		{94649F88-BD0D-4DC1-A9A3-0E1BF23962D4}.Debug|Any CPU.ActiveCfg = Debug|Any CPU
		{94649F88-BD0D-4DC1-A9A3-0E1BF23962D4}.Debug|Any CPU.Build.0 = Debug|Any CPU
		{94649F88-BD0D-4DC1-A9A3-0E1BF23962D4}.Debug|ARM.ActiveCfg = Debug|Any CPU
		{94649F88-BD0D-4DC1-A9A3-0E1BF23962D4}.Debug|ARM.Build.0 = Debug|Any CPU
		{94649F88-BD0D-4DC1-A9A3-0E1BF23962D4}.Debug|x64.ActiveCfg = Debug|Any CPU
		{94649F88-BD0D-4DC1-A9A3-0E1BF23962D4}.Debug|x64.Build.0 = Debug|Any CPU
		{94649F88-BD0D-4DC1-A9A3-0E1BF23962D4}.Debug|x86.ActiveCfg = Debug|Any CPU
		{94649F88-BD0D-4DC1-A9A3-0E1BF23962D4}.Debug|x86.Build.0 = Debug|Any CPU
		{94649F88-BD0D-4DC1-A9A3-0E1BF23962D4}.Release|Any CPU.ActiveCfg = Release|Any CPU
		{94649F88-BD0D-4DC1-A9A3-0E1BF23962D4}.Release|Any CPU.Build.0 = Release|Any CPU
		{94649F88-BD0D-4DC1-A9A3-0E1BF23962D4}.Release|ARM.ActiveCfg = Release|Any CPU
		{94649F88-BD0D-4DC1-A9A3-0E1BF23962D4}.Release|ARM.Build.0 = Release|Any CPU
		{94649F88-BD0D-4DC1-A9A3-0E1BF23962D4}.Release|x64.ActiveCfg = Release|Any CPU
		{94649F88-BD0D-4DC1-A9A3-0E1BF23962D4}.Release|x64.Build.0 = Release|Any CPU
		{94649F88-BD0D-4DC1-A9A3-0E1BF23962D4}.Release|x86.ActiveCfg = Release|Any CPU
		{94649F88-BD0D-4DC1-A9A3-0E1BF23962D4}.Release|x86.Build.0 = Release|Any CPU
		{8EDF4429-251A-416D-BB68-93F227191BCF}.Debug|Any CPU.ActiveCfg = Debug|Any CPU
		{8EDF4429-251A-416D-BB68-93F227191BCF}.Debug|Any CPU.Build.0 = Debug|Any CPU
		{8EDF4429-251A-416D-BB68-93F227191BCF}.Debug|ARM.ActiveCfg = Debug|Any CPU
		{8EDF4429-251A-416D-BB68-93F227191BCF}.Debug|ARM.Build.0 = Debug|Any CPU
		{8EDF4429-251A-416D-BB68-93F227191BCF}.Debug|x64.ActiveCfg = Debug|Any CPU
		{8EDF4429-251A-416D-BB68-93F227191BCF}.Debug|x64.Build.0 = Debug|Any CPU
		{8EDF4429-251A-416D-BB68-93F227191BCF}.Debug|x86.ActiveCfg = Debug|Any CPU
		{8EDF4429-251A-416D-BB68-93F227191BCF}.Debug|x86.Build.0 = Debug|Any CPU
		{8EDF4429-251A-416D-BB68-93F227191BCF}.Release|Any CPU.ActiveCfg = Release|Any CPU
		{8EDF4429-251A-416D-BB68-93F227191BCF}.Release|Any CPU.Build.0 = Release|Any CPU
		{8EDF4429-251A-416D-BB68-93F227191BCF}.Release|ARM.ActiveCfg = Release|Any CPU
		{8EDF4429-251A-416D-BB68-93F227191BCF}.Release|ARM.Build.0 = Release|Any CPU
		{8EDF4429-251A-416D-BB68-93F227191BCF}.Release|x64.ActiveCfg = Release|Any CPU
		{8EDF4429-251A-416D-BB68-93F227191BCF}.Release|x64.Build.0 = Release|Any CPU
		{8EDF4429-251A-416D-BB68-93F227191BCF}.Release|x86.ActiveCfg = Release|Any CPU
		{8EDF4429-251A-416D-BB68-93F227191BCF}.Release|x86.Build.0 = Release|Any CPU
	EndGlobalSection
	GlobalSection(SolutionProperties) = preSolution
		HideSolutionNode = FALSE
	EndGlobalSection
	GlobalSection(NestedProjects) = preSolution
		{101CECE4-D334-45D6-BD93-7D1E34F0E05F} = {83DD6784-0279-4F15-9333-8E323C9FDF3B}
		{8D9145E8-6B79-42E1-8754-D075106D4B62} = {83DD6784-0279-4F15-9333-8E323C9FDF3B}
		{80CCE47A-7CC0-439A-AFE4-859451EE0902} = {752D2A29-364B-4CF0-9981-97DEC30F992F}
		{87FEC464-C4F4-4D98-9C9B-A731E2A38C7C} = {752D2A29-364B-4CF0-9981-97DEC30F992F}
		{752D2A29-364B-4CF0-9981-97DEC30F992F} = {83DD6784-0279-4F15-9333-8E323C9FDF3B}
		{EA7F49AF-9864-4A3D-A73B-2AD7B0E11E8C} = {1561BBB8-167B-4F93-ACA7-DB7B44530EF9}
		{079AC5B0-45A0-45C4-9C98-D9C741C0F1EB} = {1561BBB8-167B-4F93-ACA7-DB7B44530EF9}
		{43D65C19-FF82-4412-B193-8146AC3360B9} = {1561BBB8-167B-4F93-ACA7-DB7B44530EF9}
		{B12E9D00-C26F-4F6A-B000-61AF92E4121C} = {1561BBB8-167B-4F93-ACA7-DB7B44530EF9}
		{81341B72-594B-46AC-8C0A-3D9CB5D94451} = {B1049763-7019-47C9-B74E-82379499BD31}
		{94649F88-BD0D-4DC1-A9A3-0E1BF23962D4} = {6D07495F-8045-466F-A04B-26663EE0F5F0}
		{8EDF4429-251A-416D-BB68-93F227191BCF} = {6D07495F-8045-466F-A04B-26663EE0F5F0}
	EndGlobalSection
	GlobalSection(ExtensibilityGlobals) = postSolution
		SolutionGuid = {A226D106-5197-4DBB-BC15-7A90ADC1FAF7}
	EndGlobalSection
EndGlobal
